
Microsoft Visual Studio Solution File, Format Version 12.00
# Visual Studio 15
VisualStudioVersion = 15.0.27428.2011
MinimumVisualStudioVersion = 10.0.40219.1
Project("{FAE04EC0-301F-11D3-BF4B-00C04F79EFBC}") = "GestorDeActividades", "GestorDeActividades\GestorDeActividades.csproj", "{890D9782-A1F6-43CA-8F7F-D4101D4966DC}"
EndProject
Project("{FAE04EC0-301F-11D3-BF4B-00C04F79EFBC}") = "Test_GestorActividades", "Test_GestorActividades\Test_GestorActividades.csproj", "{8496C7E1-E8F6-418D-85B7-DAA004D60BD6}"
EndProject
Global
	GlobalSection(SolutionConfigurationPlatforms) = preSolution
		Debug|Any CPU = Debug|Any CPU
		Release|Any CPU = Release|Any CPU
	EndGlobalSection
	GlobalSection(ProjectConfigurationPlatforms) = postSolution
		{890D9782-A1F6-43CA-8F7F-D4101D4966DC}.Debug|Any CPU.ActiveCfg = Debug|Any CPU
		{890D9782-A1F6-43CA-8F7F-D4101D4966DC}.Debug|Any CPU.Build.0 = Debug|Any CPU
		{890D9782-A1F6-43CA-8F7F-D4101D4966DC}.Release|Any CPU.ActiveCfg = Release|Any CPU
		{890D9782-A1F6-43CA-8F7F-D4101D4966DC}.Release|Any CPU.Build.0 = Release|Any CPU
		{8496C7E1-E8F6-418D-85B7-DAA004D60BD6}.Debug|Any CPU.ActiveCfg = Debug|Any CPU
		{8496C7E1-E8F6-418D-85B7-DAA004D60BD6}.Debug|Any CPU.Build.0 = Debug|Any CPU
		{8496C7E1-E8F6-418D-85B7-DAA004D60BD6}.Release|Any CPU.ActiveCfg = Release|Any CPU
		{8496C7E1-E8F6-418D-85B7-DAA004D60BD6}.Release|Any CPU.Build.0 = Release|Any CPU
	EndGlobalSection
	GlobalSection(SolutionProperties) = preSolution
		HideSolutionNode = FALSE
	EndGlobalSection
	GlobalSection(ExtensibilityGlobals) = postSolution
		SolutionGuid = {1BC1C385-5649-4713-9958-9624D8BAAACA}
	EndGlobalSection
EndGlobal
